<?xml version="1.0" encoding="UTF-8"?>
<Scheme LastUpgradeVersion = "2700" version = "1.7">
   <BuildAction parallelizeBuildables = "YES" buildImplicitDependencies = "YES" buildArchitectures = "Automatic">
      <BuildActionEntries>
         <BuildActionEntry buildForTesting = "YES" buildForRunning = "YES" buildForProfiling = "YES" buildForArchiving = "YES" buildForAnalyzing = "YES">
            <BuildableReference
               BuildableIdentifier = "primary"
               BlueprintIdentifier = "27AF954B305EB634004060C7"
               BuildableName = "Shirusu.app"
               BlueprintName = "Shirusu"
               ReferencedContainer = "container:Shirusu.xcodeproj">
            </BuildableReference>
         </BuildActionEntry>
      </BuildActionEntries>
   </BuildAction>
   <TestAction buildConfiguration = "Debug" selectedDebuggerIdentifier = "Xcode.DebuggerFoundation.Debugger.LLDB" selectedLauncherIdentifier = "Xcode.DebuggerFoundation.Launcher.LLDB" shouldUseLaunchSchemeArgsEnv = "YES">
      <Testables>
         <TestableReference skipped = "NO">
            <BuildableReference
               BuildableIdentifier = "primary"
               BlueprintIdentifier = "27AF955A305EB636004060C7"
               BuildableName = "ShirusuTests.xctest"
               BlueprintName = "ShirusuTests"
               ReferencedContainer = "container:Shirusu.xcodeproj">
            </BuildableReference>
         </TestableReference>
         <TestableReference skipped = "YES">
            <BuildableReference
               BuildableIdentifier = "primary"
               BlueprintIdentifier = "27AF9564305EB636004060C7"
               BuildableName = "ShirusuUITests.xctest"
               BlueprintName = "ShirusuUITests"
               ReferencedContainer = "container:Shirusu.xcodeproj">
            </BuildableReference>
         </TestableReference>
      </Testables>
   </TestAction>
   <LaunchAction buildConfiguration = "Debug" selectedDebuggerIdentifier = "Xcode.DebuggerFoundation.Debugger.LLDB" selectedLauncherIdentifier = "Xcode.DebuggerFoundation.Launcher.LLDB" launchStyle = "0" useCustomWorkingDirectory = "NO" ignoresPersistentStateOnLaunch = "NO" debugDocumentVersioning = "YES" debugServiceExtension = "internal" allowLocationSimulation = "YES">
      <BuildableProductRunnable runnableDebuggingMode = "0">
         <BuildableReference
            BuildableIdentifier = "primary"
            BlueprintIdentifier = "27AF954B305EB634004060C7"
            BuildableName = "Shirusu.app"
            BlueprintName = "Shirusu"
            ReferencedContainer = "container:Shirusu.xcodeproj">
         </BuildableReference>
      </BuildableProductRunnable>
   </LaunchAction>
   <ProfileAction buildConfiguration = "Release" shouldUseLaunchSchemeArgsEnv = "YES" savedToolIdentifier = "" useCustomWorkingDirectory = "NO" debugDocumentVersioning = "YES">
      <BuildableProductRunnable runnableDebuggingMode = "0">
         <BuildableReference
            BuildableIdentifier = "primary"
            BlueprintIdentifier = "27AF954B305EB634004060C7"
            BuildableName = "Shirusu.app"
            BlueprintName = "Shirusu"
            ReferencedContainer = "container:Shirusu.xcodeproj">
         </BuildableReference>
      </BuildableProductRunnable>
   </ProfileAction>
   <AnalyzeAction buildConfiguration = "Debug"></AnalyzeAction>
   <ArchiveAction buildConfiguration = "Release" revealArchiveInOrganizer = "YES"></ArchiveAction>
</Scheme>
