// !$*UTF8*$!
{
	archiveVersion = 1;
	classes = {
	};
	objectVersion = 110;
	objects = {

/* Begin PBXBuildFile section */
		FA03D0000000000000000003 /* FluidAudio in Frameworks */ = {isa = PBXBuildFile; productRef = FA02D0000000000000000002 /* FluidAudio */; };
		FA06D0000000000000000006 /* ChatterboxTTS in Frameworks */ = {isa = PBXBuildFile; productRef = FA05D0000000000000000005 /* ChatterboxTTS */; };
		FA08D0000000000000000008 /* VoxCPM2TTS in Frameworks */ = {isa = PBXBuildFile; productRef = FA07D0000000000000000007 /* VoxCPM2TTS */; };
/* End PBXBuildFile section */

/* Begin PBXContainerItemProxy section */
		27AF955C305EB636004060C7 /* PBXContainerItemProxy */ = {
			isa = PBXContainerItemProxy;
			containerPortal = 27AF9544305EB634004060C7 /* Project object */;
			proxyType = 1;
			remoteGlobalIDString = 27AF954B305EB634004060C7;
			remoteInfo = Shirusu;
		};
		27AF9566305EB636004060C7 /* PBXContainerItemProxy */ = {
			isa = PBXContainerItemProxy;
			containerPortal = 27AF9544305EB634004060C7 /* Project object */;
			proxyType = 1;
			remoteGlobalIDString = 27AF954B305EB634004060C7;
			remoteInfo = Shirusu;
		};
/* End PBXContainerItemProxy section */

/* Begin PBXFileReference section */
		27AF954C305EB634004060C7 /* Shirusu.app */ = {isa = PBXFileReference; explicitFileType = wrapper.application; includeInIndex = 0; path = Shirusu.app; sourceTree = BUILT_PRODUCTS_DIR; };
		27AF955B305EB636004060C7 /* ShirusuTests.xctest */ = {isa = PBXFileReference; explicitFileType = wrapper.cfbundle; includeInIndex = 0; path = ShirusuTests.xctest; sourceTree = BUILT_PRODUCTS_DIR; };
		27AF9565305EB636004060C7 /* ShirusuUITests.xctest */ = {isa = PBXFileReference; explicitFileType = wrapper.cfbundle; includeInIndex = 0; path = ShirusuUITests.xctest; sourceTree = BUILT_PRODUCTS_DIR; };
/* End PBXFileReference section */

/* Begin PBXFileSystemSynchronizedRootGroup section */
		27AF954E305EB634004060C7 /* Shirusu */ = {
			isa = PBXFileSystemSynchronizedRootGroup;
			path = Shirusu;
			sourceTree = "<group>";
		};
		27AF955E305EB636004060C7 /* ShirusuTests */ = {
			isa = PBXFileSystemSynchronizedRootGroup;
			path = ShirusuTests;
			sourceTree = "<group>";
		};
		27AF9568305EB636004060C7 /* ShirusuUITests */ = {
			isa = PBXFileSystemSynchronizedRootGroup;
			path = ShirusuUITests;
			sourceTree = "<group>";
		};
/* End PBXFileSystemSynchronizedRootGroup section */

/* Begin PBXFrameworksBuildPhase section */
		27AF9549305EB634004060C7 /* Frameworks */ = {
			isa = PBXFrameworksBuildPhase;
			files = (
				FA03D0000000000000000003 /* FluidAudio in Frameworks */,
				FA06D0000000000000000006 /* ChatterboxTTS in Frameworks */,
				FA08D0000000000000000008 /* VoxCPM2TTS in Frameworks */,
			);
		};
		27AF9558305EB636004060C7 /* Frameworks */ = {
			isa = PBXFrameworksBuildPhase;
			files = (
			);
		};
		27AF9562305EB636004060C7 /* Frameworks */ = {
			isa = PBXFrameworksBuildPhase;
			files = (
			);
		};
/* End PBXFrameworksBuildPhase section */

/* Begin PBXGroup section */
		27AF9543305EB634004060C7 = {
			isa = PBXGroup;
			children = (
				27AF954E305EB634004060C7 /* Shirusu */,
				27AF955E305EB636004060C7 /* ShirusuTests */,
				27AF9568305EB636004060C7 /* ShirusuUITests */,
				27AF954D305EB634004060C7 /* Products */,
			);
			sourceTree = "<group>";
		};
		27AF954D305EB634004060C7 /* Products */ = {
			isa = PBXGroup;
			children = (
				27AF954C305EB634004060C7 /* Shirusu.app */,
				27AF955B305EB636004060C7 /* ShirusuTests.xctest */,
				27AF9565305EB636004060C7 /* ShirusuUITests.xctest */,
			);
			name = Products;
			sourceTree = "<group>";
		};
/* End PBXGroup section */

/* Begin PBXNativeTarget section */
		27AF954B305EB634004060C7 /* Shirusu */ = {
			isa = PBXNativeTarget;
			buildConfigurationList = 27AF956D305EB636004060C7 /* Build configuration list for PBXNativeTarget "Shirusu" */;
			buildPhases = (
				27AF9548305EB634004060C7 /* Sources */,
				27AF9549305EB634004060C7 /* Frameworks */,
				27AF954A305EB634004060C7 /* Resources */,
			);
			buildRules = (
			);
			fileSystemSynchronizedGroups = (
				27AF954E305EB634004060C7 /* Shirusu */,
			);
			name = Shirusu;
			packageProductDependencies = (
				FA02D0000000000000000002 /* FluidAudio */,
				FA05D0000000000000000005 /* ChatterboxTTS */,
				FA07D0000000000000000007 /* VoxCPM2TTS */,
			);
			productName = Shirusu;
			productReference = 27AF954C305EB634004060C7 /* Shirusu.app */;
			productType = "com.apple.product-type.application";
		};
		27AF955A305EB636004060C7 /* ShirusuTests */ = {
			isa = PBXNativeTarget;
			buildConfigurationList = 27AF9570305EB636004060C7 /* Build configuration list for PBXNativeTarget "ShirusuTests" */;
			buildPhases = (
				27AF9557305EB636004060C7 /* Sources */,
				27AF9558305EB636004060C7 /* Frameworks */,
				27AF9559305EB636004060C7 /* Resources */,
			);
			buildRules = (
			);
			dependencies = (
				27AF955D305EB636004060C7 /* PBXTargetDependency */,
			);
			fileSystemSynchronizedGroups = (
				27AF955E305EB636004060C7 /* ShirusuTests */,
			);
			name = ShirusuTests;
			productName = ShirusuTests;
			productReference = 27AF955B305EB636004060C7 /* ShirusuTests.xctest */;
			productType = "com.apple.product-type.bundle.unit-test";
		};
		27AF9564305EB636004060C7 /* ShirusuUITests */ = {
			isa = PBXNativeTarget;
			buildConfigurationList = 27AF9573305EB636004060C7 /* Build configuration list for PBXNativeTarget "ShirusuUITests" */;
			buildPhases = (
				27AF9561305EB636004060C7 /* Sources */,
				27AF9562305EB636004060C7 /* Frameworks */,
				27AF9563305EB636004060C7 /* Resources */,
			);
			buildRules = (
			);
			dependencies = (
				27AF9567305EB636004060C7 /* PBXTargetDependency */,
			);
			fileSystemSynchronizedGroups = (
				27AF9568305EB636004060C7 /* ShirusuUITests */,
			);
			name = ShirusuUITests;
			productName = ShirusuUITests;
			productReference = 27AF9565305EB636004060C7 /* ShirusuUITests.xctest */;
			productType = "com.apple.product-type.bundle.ui-testing";
		};
/* End PBXNativeTarget section */

/* Begin PBXProject section */
		27AF9544305EB634004060C7 /* Project object */ = {
			isa = PBXProject;
			attributes = {
				BuildIndependentTargetsInParallel = 1;
				LastSwiftUpdateCheck = 2700;
				LastUpgradeCheck = 2700;
				TargetAttributes = {
					27AF954B305EB634004060C7 = {
						CreatedOnToolsVersion = 27.0;
					};
					27AF955A305EB636004060C7 = {
						CreatedOnToolsVersion = 27.0;
						TestTargetID = 27AF954B305EB634004060C7;
					};
					27AF9564305EB636004060C7 = {
						CreatedOnToolsVersion = 27.0;
						TestTargetID = 27AF954B305EB634004060C7;
					};
				};
			};
			buildConfigurationList = 27AF9547305EB634004060C7 /* Build configuration list for PBXProject "Shirusu" */;
			developmentRegion = en;
			hasScannedForEncodings = 0;
			knownRegions = (
				en,
				Base,
				"pt-BR",
			);
			mainGroup = 27AF9543305EB634004060C7;
			minimizedProjectReferenceProxies = 1;
			packageReferences = (
				FA01D0000000000000000001 /* XCRemoteSwiftPackageReference "FluidAudio" */,
				FA04D0000000000000000004 /* XCRemoteSwiftPackageReference "speech-swift" */,
			);
			preferredProjectObjectVersion = 77;
			productRefGroup = 27AF954D305EB634004060C7 /* Products */;
			projectDirPath = "";
			projectRoot = "";
			targets = (
				27AF954B305EB634004060C7 /* Shirusu */,
				27AF955A305EB636004060C7 /* ShirusuTests */,
				27AF9564305EB636004060C7 /* ShirusuUITests */,
			);
		};
/* End PBXProject section */

/* Begin PBXResourcesBuildPhase section */
		27AF954A305EB634004060C7 /* Resources */ = {
			isa = PBXResourcesBuildPhase;
			files = (
			);
		};
		27AF9559305EB636004060C7 /* Resources */ = {
			isa = PBXResourcesBuildPhase;
			files = (
			);
		};
		27AF9563305EB636004060C7 /* Resources */ = {
			isa = PBXResourcesBuildPhase;
			files = (
			);
		};
/* End PBXResourcesBuildPhase section */

/* Begin PBXSourcesBuildPhase section */
		27AF9548305EB634004060C7 /* Sources */ = {
			isa = PBXSourcesBuildPhase;
			files = (
			);
		};
		27AF9557305EB636004060C7 /* Sources */ = {
			isa = PBXSourcesBuildPhase;
			files = (
			);
		};
		27AF9561305EB636004060C7 /* Sources */ = {
			isa = PBXSourcesBuildPhase;
			files = (
			);
		};
/* End PBXSourcesBuildPhase section */

/* Begin PBXTargetDependency section */
		27AF955D305EB636004060C7 /* PBXTargetDependency */ = {
			isa = PBXTargetDependency;
			target = 27AF954B305EB634004060C7 /* Shirusu */;
			targetProxy = 27AF955C305EB636004060C7 /* PBXContainerItemProxy */;
		};
		27AF9567305EB636004060C7 /* PBXTargetDependency */ = {
			isa = PBXTargetDependency;
			target = 27AF954B305EB634004060C7 /* Shirusu */;
			targetProxy = 27AF9566305EB636004060C7 /* PBXContainerItemProxy */;
		};
/* End PBXTargetDependency section */

/* Begin XCBuildConfiguration section */
		27AF956B305EB636004060C7 /* Debug configuration for PBXProject "Shirusu" */ = {
			isa = XCBuildConfiguration;
			buildSettings = {
				ALWAYS_SEARCH_USER_PATHS = NO;
				ASSETCATALOG_COMPILER_GENERATE_SWIFT_ASSET_SYMBOL_EXTENSIONS = YES;
				CLANG_ANALYZER_NONNULL = YES;
				CLANG_ANALYZER_NUMBER_OBJECT_CONVERSION = YES_AGGRESSIVE;
				CLANG_CXX_LANGUAGE_STANDARD = "gnu++20";
				CLANG_ENABLE_MODULES = YES;
				CLANG_ENABLE_OBJC_ARC = YES;
				CLANG_ENABLE_OBJC_WEAK = YES;
				CLANG_WARN_BLOCK_CAPTURE_AUTORELEASING = YES;
				CLANG_WARN_BOOL_CONVERSION = YES;
				CLANG_WARN_COMMA = YES;
				CLANG_WARN_CONSTANT_CONVERSION = YES;
				CLANG_WARN_DEPRECATED_OBJC_IMPLEMENTATIONS = YES;
				CLANG_WARN_DIRECT_OBJC_ISA_USAGE = YES_ERROR;
				CLANG_WARN_DOCUMENTATION_COMMENTS = YES;
				CLANG_WARN_EMPTY_BODY = YES;
				CLANG_WARN_ENUM_CONVERSION = YES;
				CLANG_WARN_INFINITE_RECURSION = YES;
				CLANG_WARN_INT_CONVERSION = YES;
				CLANG_WARN_NON_LITERAL_NULL_CONVERSION = YES;
				CLANG_WARN_OBJC_IMPLICIT_RETAIN_SELF = YES;
				CLANG_WARN_OBJC_LITERAL_CONVERSION = YES;
				CLANG_WARN_OBJC_ROOT_CLASS = YES_ERROR;
				CLANG_WARN_QUOTED_INCLUDE_IN_FRAMEWORK_HEADER = YES;
				CLANG_WARN_RANGE_LOOP_ANALYSIS = YES;
				CLANG_WARN_STRICT_PROTOTYPES = YES;
				CLANG_WARN_SUSPICIOUS_MOVE = YES;
				CLANG_WARN_UNGUARDED_AVAILABILITY = YES_AGGRESSIVE;
				CLANG_WARN_UNREACHABLE_CODE = YES;
				CLANG_WARN__DUPLICATE_METHOD_MATCH = YES;
				COPY_PHASE_STRIP = NO;
				DEBUG_INFORMATION_FORMAT = dwarf;
				DEVELOPMENT_TEAM = 7B3G244WZG;
				ENABLE_STRICT_OBJC_MSGSEND = YES;
				ENABLE_TESTABILITY = YES;
				ENABLE_USER_SCRIPT_SANDBOXING = YES;
				GCC_C_LANGUAGE_STANDARD = gnu17;
				GCC_DYNAMIC_NO_PIC = NO;
				GCC_NO_COMMON_BLOCKS = YES;
				GCC_OPTIMIZATION_LEVEL = 0;
				GCC_PREPROCESSOR_DEFINITIONS = (
					"DEBUG=1",
					"$(inherited)",
				);
				GCC_WARN_64_TO_32_BIT_CONVERSION = YES;
				GCC_WARN_ABOUT_RETURN_TYPE = YES_ERROR;
				GCC_WARN_UNDECLARED_SELECTOR = YES;
				GCC_WARN_UNINITIALIZED_AUTOS = YES_AGGRESSIVE;
				GCC_WARN_UNUSED_FUNCTION = YES;
				GCC_WARN_UNUSED_VARIABLE = YES;
				LOCALIZATION_PREFERS_STRING_CATALOGS = YES;
				MACOSX_DEPLOYMENT_TARGET = 27.0;
				MTL_ENABLE_DEBUG_INFO = INCLUDE_SOURCE;
				MTL_FAST_MATH = YES;
				ONLY_ACTIVE_ARCH = YES;
				SDKROOT = macosx;
				SWIFT_ACTIVE_COMPILATION_CONDITIONS = "DEBUG $(inherited)";
				SWIFT_OPTIMIZATION_LEVEL = "-Onone";
			};
			name = Debug;
		};
		27AF956C305EB636004060C7 /* Release configuration for PBXProject "Shirusu" */ = {
			isa = XCBuildConfiguration;
			buildSettings = {
				ALWAYS_SEARCH_USER_PATHS = NO;
				ASSETCATALOG_COMPILER_GENERATE_SWIFT_ASSET_SYMBOL_EXTENSIONS = YES;
				CLANG_ANALYZER_NONNULL = YES;
				CLANG_ANALYZER_NUMBER_OBJECT_CONVERSION = YES_AGGRESSIVE;
				CLANG_CXX_LANGUAGE_STANDARD = "gnu++20";
				CLANG_ENABLE_MODULES = YES;
				CLANG_ENABLE_OBJC_ARC = YES;
				CLANG_ENABLE_OBJC_WEAK = YES;
				CLANG_WARN_BLOCK_CAPTURE_AUTORELEASING = YES;
				CLANG_WARN_BOOL_CONVERSION = YES;
				CLANG_WARN_COMMA = YES;
				CLANG_WARN_CONSTANT_CONVERSION = YES;
				CLANG_WARN_DEPRECATED_OBJC_IMPLEMENTATIONS = YES;
				CLANG_WARN_DIRECT_OBJC_ISA_USAGE = YES_ERROR;
				CLANG_WARN_DOCUMENTATION_COMMENTS = YES;
				CLANG_WARN_EMPTY_BODY = YES;
				CLANG_WARN_ENUM_CONVERSION = YES;
				CLANG_WARN_INFINITE_RECURSION = YES;
				CLANG_WARN_INT_CONVERSION = YES;
				CLANG_WARN_NON_LITERAL_NULL_CONVERSION = YES;
				CLANG_WARN_OBJC_IMPLICIT_RETAIN_SELF = YES;
				CLANG_WARN_OBJC_LITERAL_CONVERSION = YES;
				CLANG_WARN_OBJC_ROOT_CLASS = YES_ERROR;
				CLANG_WARN_QUOTED_INCLUDE_IN_FRAMEWORK_HEADER = YES;
				CLANG_WARN_RANGE_LOOP_ANALYSIS = YES;
				CLANG_WARN_STRICT_PROTOTYPES = YES;
				CLANG_WARN_SUSPICIOUS_MOVE = YES;
				CLANG_WARN_UNGUARDED_AVAILABILITY = YES_AGGRESSIVE;
				CLANG_WARN_UNREACHABLE_CODE = YES;
				CLANG_WARN__DUPLICATE_METHOD_MATCH = YES;
				COPY_PHASE_STRIP = NO;
				DEBUG_INFORMATION_FORMAT = "dwarf-with-dsym";
				DEVELOPMENT_TEAM = 7B3G244WZG;
				ENABLE_NS_ASSERTIONS = NO;
				ENABLE_STRICT_OBJC_MSGSEND = YES;
				ENABLE_USER_SCRIPT_SANDBOXING = YES;
				GCC_C_LANGUAGE_STANDARD = gnu17;
				GCC_NO_COMMON_BLOCKS = YES;
				GCC_WARN_64_TO_32_BIT_CONVERSION = YES;
				GCC_WARN_ABOUT_RETURN_TYPE = YES_ERROR;
				GCC_WARN_UNDECLARED_SELECTOR = YES;
				GCC_WARN_UNINITIALIZED_AUTOS = YES_AGGRESSIVE;
				GCC_WARN_UNUSED_FUNCTION = YES;
				GCC_WARN_UNUSED_VARIABLE = YES;
				LOCALIZATION_PREFERS_STRING_CATALOGS = YES;
				MACOSX_DEPLOYMENT_TARGET = 27.0;
				MTL_ENABLE_DEBUG_INFO = NO;
				MTL_FAST_MATH = YES;
				SDKROOT = macosx;
				SWIFT_COMPILATION_MODE = wholemodule;
			};
			name = Release;
		};
		27AF956E305EB636004060C7 /* Debug configuration for PBXNativeTarget "Shirusu" */ = {
			isa = XCBuildConfiguration;
			buildSettings = {
				ARCHS = arm64;
				ASSETCATALOG_COMPILER_APPICON_NAME = "Shirusu Icon";
				ASSETCATALOG_COMPILER_GLOBAL_ACCENT_COLOR_NAME = AccentColor;
				CODE_SIGN_STYLE = Automatic;
				COMBINE_HIDPI_IMAGES = YES;
				CURRENT_PROJECT_VERSION = 2;
				DEVELOPMENT_TEAM = 7B3G244WZG;
				ENABLE_APP_SANDBOX = YES;
				ENABLE_HARDENED_RUNTIME = YES;
				ENABLE_OUTGOING_NETWORK_CONNECTIONS = YES;
				ENABLE_PREVIEWS = YES;
				ENABLE_RESOURCE_ACCESS_AUDIO_INPUT = YES;
				ENABLE_USER_SELECTED_FILES = readwrite;
				GENERATE_INFOPLIST_FILE = YES;
				INFOPLIST_FILE = "Shirusu-Info.plist";
				INFOPLIST_KEY_CFBundleDisplayName = Shirusu;
				INFOPLIST_KEY_LSApplicationCategoryType = "public.app-category.productivity";
				INFOPLIST_KEY_NSHumanReadableCopyright = "";
				INFOPLIST_KEY_NSMicrophoneUsageDescription = "Shirusu listens to your microphone only while you are dictating, and transcribes it on this Mac.";
				LD_RUNPATH_SEARCH_PATHS = (
					"$(inherited)",
					"@executable_path/../Frameworks",
				);
				MARKETING_VERSION = 2026.9.0;
				PRODUCT_BUNDLE_IDENTIFIER = br.com.zesmoi.Shirusu;
				PRODUCT_NAME = "$(TARGET_NAME)";
				REGISTER_APP_GROUPS = YES;
				STRING_CATALOG_GENERATE_SYMBOLS = YES;
				SWIFT_APPROACHABLE_CONCURRENCY = YES;
				SWIFT_DEFAULT_ACTOR_ISOLATION = MainActor;
				SWIFT_EMIT_LOC_STRINGS = YES;
				SWIFT_UPCOMING_FEATURE_MEMBER_IMPORT_VISIBILITY = YES;
				SWIFT_VERSION = 6.0;
			};
			name = Debug;
		};
		27AF956F305EB636004060C7 /* Release configuration for PBXNativeTarget "Shirusu" */ = {
			isa = XCBuildConfiguration;
			buildSettings = {
				ARCHS = arm64;
				ASSETCATALOG_COMPILER_APPICON_NAME = "Shirusu Icon";
				ASSETCATALOG_COMPILER_GLOBAL_ACCENT_COLOR_NAME = AccentColor;
				CODE_SIGN_STYLE = Automatic;
				COMBINE_HIDPI_IMAGES = YES;
				CURRENT_PROJECT_VERSION = 2;
				DEVELOPMENT_TEAM = 7B3G244WZG;
				ENABLE_APP_SANDBOX = YES;
				ENABLE_HARDENED_RUNTIME = YES;
				ENABLE_OUTGOING_NETWORK_CONNECTIONS = YES;
				ENABLE_PREVIEWS = YES;
				ENABLE_RESOURCE_ACCESS_AUDIO_INPUT = YES;
				ENABLE_USER_SELECTED_FILES = readwrite;
				GENERATE_INFOPLIST_FILE = YES;
				INFOPLIST_FILE = "Shirusu-Info.plist";
				INFOPLIST_KEY_CFBundleDisplayName = Shirusu;
				INFOPLIST_KEY_LSApplicationCategoryType = "public.app-category.productivity";
				INFOPLIST_KEY_NSHumanReadableCopyright = "";
				INFOPLIST_KEY_NSMicrophoneUsageDescription = "Shirusu listens to your microphone only while you are dictating, and transcribes it on this Mac.";
				LD_RUNPATH_SEARCH_PATHS = (
					"$(inherited)",
					"@executable_path/../Frameworks",
				);
				MARKETING_VERSION = 2026.9.0;
				PRODUCT_BUNDLE_IDENTIFIER = br.com.zesmoi.Shirusu;
				PRODUCT_NAME = "$(TARGET_NAME)";
				REGISTER_APP_GROUPS = YES;
				STRING_CATALOG_GENERATE_SYMBOLS = YES;
				SWIFT_APPROACHABLE_CONCURRENCY = YES;
				SWIFT_DEFAULT_ACTOR_ISOLATION = MainActor;
				SWIFT_EMIT_LOC_STRINGS = YES;
				SWIFT_UPCOMING_FEATURE_MEMBER_IMPORT_VISIBILITY = YES;
				SWIFT_VERSION = 6.0;
			};
			name = Release;
		};
		27AF9571305EB636004060C7 /* Debug configuration for PBXNativeTarget "ShirusuTests" */ = {
			isa = XCBuildConfiguration;
			buildSettings = {
				BUNDLE_LOADER = "$(TEST_HOST)";
				CODE_SIGN_STYLE = Automatic;
				CURRENT_PROJECT_VERSION = 1;
				DEVELOPMENT_TEAM = 7B3G244WZG;
				GENERATE_INFOPLIST_FILE = YES;
				MACOSX_DEPLOYMENT_TARGET = 27.0;
				MARKETING_VERSION = 1.0;
				PRODUCT_BUNDLE_IDENTIFIER = br.com.zesmoi.ShirusuTests;
				PRODUCT_NAME = "$(TARGET_NAME)";
				STRING_CATALOG_GENERATE_SYMBOLS = NO;
				SWIFT_APPROACHABLE_CONCURRENCY = YES;
				SWIFT_EMIT_LOC_STRINGS = NO;
				SWIFT_UPCOMING_FEATURE_MEMBER_IMPORT_VISIBILITY = YES;
				SWIFT_VERSION = 5.0;
				TEST_HOST = "$(BUILT_PRODUCTS_DIR)/Shirusu.app/$(BUNDLE_EXECUTABLE_FOLDER_PATH)/Shirusu";
			};
			name = Debug;
		};
		27AF9572305EB636004060C7 /* Release configuration for PBXNativeTarget "ShirusuTests" */ = {
			isa = XCBuildConfiguration;
			buildSettings = {
				BUNDLE_LOADER = "$(TEST_HOST)";
				CODE_SIGN_STYLE = Automatic;
				CURRENT_PROJECT_VERSION = 1;
				DEVELOPMENT_TEAM = 7B3G244WZG;
				GENERATE_INFOPLIST_FILE = YES;
				MACOSX_DEPLOYMENT_TARGET = 27.0;
				MARKETING_VERSION = 1.0;
				PRODUCT_BUNDLE_IDENTIFIER = br.com.zesmoi.ShirusuTests;
				PRODUCT_NAME = "$(TARGET_NAME)";
				STRING_CATALOG_GENERATE_SYMBOLS = NO;
				SWIFT_APPROACHABLE_CONCURRENCY = YES;
				SWIFT_EMIT_LOC_STRINGS = NO;
				SWIFT_UPCOMING_FEATURE_MEMBER_IMPORT_VISIBILITY = YES;
				SWIFT_VERSION = 5.0;
				TEST_HOST = "$(BUILT_PRODUCTS_DIR)/Shirusu.app/$(BUNDLE_EXECUTABLE_FOLDER_PATH)/Shirusu";
			};
			name = Release;
		};
		27AF9574305EB636004060C7 /* Debug configuration for PBXNativeTarget "ShirusuUITests" */ = {
			isa = XCBuildConfiguration;
			buildSettings = {
				CODE_SIGN_STYLE = Automatic;
				CURRENT_PROJECT_VERSION = 1;
				DEVELOPMENT_TEAM = 7B3G244WZG;
				GENERATE_INFOPLIST_FILE = YES;
				MARKETING_VERSION = 1.0;
				PRODUCT_BUNDLE_IDENTIFIER = br.com.zesmoi.ShirusuUITests;
				PRODUCT_NAME = "$(TARGET_NAME)";
				STRING_CATALOG_GENERATE_SYMBOLS = NO;
				SWIFT_APPROACHABLE_CONCURRENCY = YES;
				SWIFT_EMIT_LOC_STRINGS = NO;
				SWIFT_UPCOMING_FEATURE_MEMBER_IMPORT_VISIBILITY = YES;
				SWIFT_VERSION = 5.0;
				TEST_TARGET_NAME = Shirusu;
			};
			name = Debug;
		};
		27AF9575305EB636004060C7 /* Release configuration for PBXNativeTarget "ShirusuUITests" */ = {
			isa = XCBuildConfiguration;
			buildSettings = {
				CODE_SIGN_STYLE = Automatic;
				CURRENT_PROJECT_VERSION = 1;
				DEVELOPMENT_TEAM = 7B3G244WZG;
				GENERATE_INFOPLIST_FILE = YES;
				MARKETING_VERSION = 1.0;
				PRODUCT_BUNDLE_IDENTIFIER = br.com.zesmoi.ShirusuUITests;
				PRODUCT_NAME = "$(TARGET_NAME)";
				STRING_CATALOG_GENERATE_SYMBOLS = NO;
				SWIFT_APPROACHABLE_CONCURRENCY = YES;
				SWIFT_EMIT_LOC_STRINGS = NO;
				SWIFT_UPCOMING_FEATURE_MEMBER_IMPORT_VISIBILITY = YES;
				SWIFT_VERSION = 5.0;
				TEST_TARGET_NAME = Shirusu;
			};
			name = Release;
		};
/* End XCBuildConfiguration section */

/* Begin XCConfigurationList section */
		27AF9547305EB634004060C7 /* Build configuration list for PBXProject "Shirusu" */ = {
			isa = XCConfigurationList;
			buildConfigurations = (
				27AF956B305EB636004060C7 /* Debug configuration for PBXProject "Shirusu" */,
				27AF956C305EB636004060C7 /* Release configuration for PBXProject "Shirusu" */,
			);
			defaultConfigurationName = Release;
		};
		27AF956D305EB636004060C7 /* Build configuration list for PBXNativeTarget "Shirusu" */ = {
			isa = XCConfigurationList;
			buildConfigurations = (
				27AF956E305EB636004060C7 /* Debug configuration for PBXNativeTarget "Shirusu" */,
				27AF956F305EB636004060C7 /* Release configuration for PBXNativeTarget "Shirusu" */,
			);
			defaultConfigurationName = Release;
		};
		27AF9570305EB636004060C7 /* Build configuration list for PBXNativeTarget "ShirusuTests" */ = {
			isa = XCConfigurationList;
			buildConfigurations = (
				27AF9571305EB636004060C7 /* Debug configuration for PBXNativeTarget "ShirusuTests" */,
				27AF9572305EB636004060C7 /* Release configuration for PBXNativeTarget "ShirusuTests" */,
			);
			defaultConfigurationName = Release;
		};
		27AF9573305EB636004060C7 /* Build configuration list for PBXNativeTarget "ShirusuUITests" */ = {
			isa = XCConfigurationList;
			buildConfigurations = (
				27AF9574305EB636004060C7 /* Debug configuration for PBXNativeTarget "ShirusuUITests" */,
				27AF9575305EB636004060C7 /* Release configuration for PBXNativeTarget "ShirusuUITests" */,
			);
			defaultConfigurationName = Release;
		};
/* End XCConfigurationList section */

/* Begin XCRemoteSwiftPackageReference section */
		FA01D0000000000000000001 /* XCRemoteSwiftPackageReference "FluidAudio" */ = {
			isa = XCRemoteSwiftPackageReference;
			repositoryURL = "https://github.com/FluidInference/FluidAudio.git";
			requirement = {
				kind = revision;
				revision = 87a39dfe4068fef0f1c69bfe704b2b3ef4fbc5bc;
			};
		};
		FA04D0000000000000000004 /* XCRemoteSwiftPackageReference "speech-swift" */ = {
			isa = XCRemoteSwiftPackageReference;
			repositoryURL = "https://github.com/soniqo/speech-swift.git";
			requirement = {
				kind = revision;
				revision = c4c2fabbe825a9290c19e2f45d54ca3eae96b003;
			};
		};
/* End XCRemoteSwiftPackageReference section */

/* Begin XCSwiftPackageProductDependency section */
		FA02D0000000000000000002 /* FluidAudio */ = {
			isa = XCSwiftPackageProductDependency;
			package = FA01D0000000000000000001 /* XCRemoteSwiftPackageReference "FluidAudio" */;
			productName = FluidAudio;
		};
		FA05D0000000000000000005 /* ChatterboxTTS */ = {
			isa = XCSwiftPackageProductDependency;
			package = FA04D0000000000000000004 /* XCRemoteSwiftPackageReference "speech-swift" */;
			productName = ChatterboxTTS;
		};
		FA07D0000000000000000007 /* VoxCPM2TTS */ = {
			isa = XCSwiftPackageProductDependency;
			package = FA04D0000000000000000004 /* XCRemoteSwiftPackageReference "speech-swift" */;
			productName = VoxCPM2TTS;
		};
/* End XCSwiftPackageProductDependency section */
	};
	rootObject = 27AF9544305EB634004060C7 /* Project object */;
	validationLevel = 1;
}
